// !$*UTF8*$!
{
	archiveVersion = 1;
	classes = {
	};
	objectVersion = 46;
	objects = {

/* Begin PBXBuildFile section */
		C2F1132D1DAB6FC6002F3189 /* AppDelegate.swift in Sources */ = {isa = PBXBuildFile; fileRef = C2F1132C1DAB6FC6002F3189 /* AppDelegate.swift */; };
		C2F113321DAB6FC6002F3189 /* Main.storyboard in Resources */ = {isa = PBXBuildFile; fileRef = C2F113301DAB6FC6002F3189 /* Main.storyboard */; };
		C2F113341DAB6FC6002F3189 /* Assets.xcassets in Resources */ = {isa = PBXBuildFile; fileRef = C2F113331DAB6FC6002F3189 /* Assets.xcassets */; };
		C2F113371DAB6FC6002F3189 /* LaunchScreen.storyboard in Resources */ = {isa = PBXBuildFile; fileRef = C2F113351DAB6FC6002F3189 /* LaunchScreen.storyboard */; };
		C2F113421DAB6FC6002F3189 /* MyFirstIOSProjTests.swift in Sources */ = {isa = PBXBuildFile; fileRef = C2F113411DAB6FC6002F3189 /* MyFirstIOSProjTests.swift */; };
		C2F1134D1DAB6FC6002F3189 /* MyFirstIOSProjUITests.swift in Sources */ = {isa = PBXBuildFile; fileRef = C2F1134C1DAB6FC6002F3189 /* MyFirstIOSProjUITests.swift */; };
		C2F113731DB2F3E5002F3189 /* Meal.swift in Sources */ = {isa = PBXBuildFile; fileRef = C2F113721DB2F3E5002F3189 /* Meal.swift */; };
		C2F113741DB2F3E5002F3189 /* Meal.swift in Sources */ = {isa = PBXBuildFile; fileRef = C2F113721DB2F3E5002F3189 /* Meal.swift */; };
		C2F1137A1DB2F870002F3189 /* MealTableViewController.swift in Sources */ = {isa = PBXBuildFile; fileRef = C2F113791DB2F870002F3189 /* MealTableViewController.swift */; };
		C2F1137B1DB2F870002F3189 /* MealTableViewController.swift in Sources */ = {isa = PBXBuildFile; fileRef = C2F113791DB2F870002F3189 /* MealTableViewController.swift */; };
		C2F1137C1DB2F870002F3189 /* MealTableViewController.swift in Sources */ = {isa = PBXBuildFile; fileRef = C2F113791DB2F870002F3189 /* MealTableViewController.swift */; };
		C2F113811DB5C871002F3189 /* RatingControl.swift in Sources */ = {isa = PBXBuildFile; fileRef = C2F113801DB5C871002F3189 /* RatingControl.swift */; };
		C2F113821DB5C871002F3189 /* RatingControl.swift in Sources */ = {isa = PBXBuildFile; fileRef = C2F113801DB5C871002F3189 /* RatingControl.swift */; };
		C2F113841DB5C8E0002F3189 /* ViewController.swift in Sources */ = {isa = PBXBuildFile; fileRef = C2F113831DB5C8E0002F3189 /* ViewController.swift */; };
		C2F113851DB5C8E0002F3189 /* ViewController.swift in Sources */ = {isa = PBXBuildFile; fileRef = C2F113831DB5C8E0002F3189 /* ViewController.swift */; };
		C2F113871DB5C904002F3189 /* MealTableViewCell.swift in Sources */ = {isa = PBXBuildFile; fileRef = C2F113861DB5C904002F3189 /* MealTableViewCell.swift */; };
		C2F113881DB5C904002F3189 /* MealTableViewCell.swift in Sources */ = {isa = PBXBuildFile; fileRef = C2F113861DB5C904002F3189 /* MealTableViewCell.swift */; };
/* End PBXBuildFile section */

/* Begin PBXContainerItemProxy section */
		C2F1133E1DAB6FC6002F3189 /* PBXContainerItemProxy */ = {
			isa = PBXContainerItemProxy;
			containerPortal = C2F113211DAB6FC6002F3189 /* Project object */;
			proxyType = 1;
			remoteGlobalIDString = C2F113281DAB6FC6002F3189;
			remoteInfo = MyFirstIOSProj;
		};
		C2F113491DAB6FC6002F3189 /* PBXContainerItemProxy */ = {
			isa = PBXContainerItemProxy;
			containerPortal = C2F113211DAB6FC6002F3189 /* Project object */;
			proxyType = 1;
			remoteGlobalIDString = C2F113281DAB6FC6002F3189;
			remoteInfo = MyFirstIOSProj;
		};
/* End PBXContainerItemProxy section */

/* Begin PBXFileReference section */
		C2F113291DAB6FC6002F3189 /* MyFirstIOSProj.app */ = {isa = PBXFileReference; explicitFileType = wrapper.application; includeInIndex = 0; path = MyFirstIOSProj.app; sourceTree = BUILT_PRODUCTS_DIR; };
		C2F1132C1DAB6FC6002F3189 /* AppDelegate.swift */ = {isa = PBXFileReference; lastKnownFileType = sourcecode.swift; path = AppDelegate.swift; sourceTree = "<group>"; };
		C2F113311DAB6FC6002F3189 /* Base */ = {isa = PBXFileReference; lastKnownFileType = file.storyboard; name = Base; path = Base.lproj/Main.storyboard; sourceTree = "<group>"; };
		C2F113331DAB6FC6002F3189 /* Assets.xcassets */ = {isa = PBXFileReference; lastKnownFileType = folder.assetcatalog; path = Assets.xcassets; sourceTree = "<group>"; };
		C2F113361DAB6FC6002F3189 /* Base */ = {isa = PBXFileReference; lastKnownFileType = file.storyboard; name = Base; path = Base.lproj/LaunchScreen.storyboard; sourceTree = "<group>"; };
		C2F113381DAB6FC6002F3189 /* Info.plist */ = {isa = PBXFileReference; lastKnownFileType = text.plist.xml; path = Info.plist; sourceTree = "<group>"; };
		C2F1133D1DAB6FC6002F3189 /* MyFirstIOSProjTests.xctest */ = {isa = PBXFileReference; explicitFileType = wrapper.cfbundle; includeInIndex = 0; path = MyFirstIOSProjTests.xctest; sourceTree = BUILT_PRODUCTS_DIR; };
		C2F113411DAB6FC6002F3189 /* MyFirstIOSProjTests.swift */ = {isa = PBXFileReference; lastKnownFileType = sourcecode.swift; path = MyFirstIOSProjTests.swift; sourceTree = "<group>"; };
		C2F113431DAB6FC6002F3189 /* Info.plist */ = {isa = PBXFileReference; lastKnownFileType = text.plist.xml; path = Info.plist; sourceTree = "<group>"; };
		C2F113481DAB6FC6002F3189 /* MyFirstIOSProjUITests.xctest */ = {isa = PBXFileReference; explicitFileType = wrapper.cfbundle; includeInIndex = 0; path = MyFirstIOSProjUITests.xctest; sourceTree = BUILT_PRODUCTS_DIR; };
		C2F1134C1DAB6FC6002F3189 /* MyFirstIOSProjUITests.swift */ = {isa = PBXFileReference; lastKnownFileType = sourcecode.swift; path = MyFirstIOSProjUITests.swift; sourceTree = "<group>"; };
		C2F1134E1DAB6FC6002F3189 /* Info.plist */ = {isa = PBXFileReference; lastKnownFileType = text.plist.xml; path = Info.plist; sourceTree = "<group>"; };
		C2F113721DB2F3E5002F3189 /* Meal.swift */ = {isa = PBXFileReference; fileEncoding = 4; lastKnownFileType = sourcecode.swift; path = Meal.swift; sourceTree = "<group>"; };
		C2F113791DB2F870002F3189 /* MealTableViewController.swift */ = {isa = PBXFileReference; fileEncoding = 4; lastKnownFileType = sourcecode.swift; path = MealTableViewController.swift; sourceTree = "<group>"; };
		C2F113801DB5C871002F3189 /* RatingControl.swift */ = {isa = PBXFileReference; fileEncoding = 4; lastKnownFileType = sourcecode.swift; path = RatingControl.swift; sourceTree = "<group>"; };
		C2F113831DB5C8E0002F3189 /* ViewController.swift */ = {isa = PBXFileReference; fileEncoding = 4; lastKnownFileType = sourcecode.swift; path = ViewController.swift; sourceTree = "<group>"; };
		C2F113861DB5C904002F3189 /* MealTableViewCell.swift */ = {isa = PBXFileReference; fileEncoding = 4; lastKnownFileType = sourcecode.swift; path = MealTableViewCell.swift; sourceTree = "<group>"; };
/* End PBXFileReference section */

/* Begin PBXFrameworksBuildPhase section */
		C2F113261DAB6FC6002F3189 /* Frameworks */ = {
			isa = PBXFrameworksBuildPhase;
			buildActionMask = 2147483647;
			files = (
			);
			runOnlyForDeploymentPostprocessing = 0;
		};
		C2F1133A1DAB6FC6002F3189 /* Frameworks */ = {
			isa = PBXFrameworksBuildPhase;
			buildActionMask = 2147483647;
			files = (
			);
			runOnlyForDeploymentPostprocessing = 0;
		};
		C2F113451DAB6FC6002F3189 /* Frameworks */ = {
			isa = PBXFrameworksBuildPhase;
			buildActionMask = 2147483647;
			files = (
			);
			runOnlyForDeploymentPostprocessing = 0;
		};
/* End PBXFrameworksBuildPhase section */

/* Begin PBXGroup section */
		C2F113201DAB6FC6002F3189 = {
			isa = PBXGroup;
			children = (
				C2F1132B1DAB6FC6002F3189 /* MyFirstIOSProj */,
				C2F113401DAB6FC6002F3189 /* MyFirstIOSProjTests */,
				C2F1134B1DAB6FC6002F3189 /* MyFirstIOSProjUITests */,
				C2F1132A1DAB6FC6002F3189 /* Products */,
			);
			sourceTree = "<group>";
		};
		C2F1132A1DAB6FC6002F3189 /* Products */ = {
			isa = PBXGroup;
			children = (
				C2F113291DAB6FC6002F3189 /* MyFirstIOSProj.app */,
				C2F1133D1DAB6FC6002F3189 /* MyFirstIOSProjTests.xctest */,
				C2F113481DAB6FC6002F3189 /* MyFirstIOSProjUITests.xctest */,
			);
			name = Products;
			sourceTree = "<group>";
		};
		C2F1132B1DAB6FC6002F3189 /* MyFirstIOSProj */ = {
			isa = PBXGroup;
			children = (
				C2F1132C1DAB6FC6002F3189 /* AppDelegate.swift */,
				C2F113301DAB6FC6002F3189 /* Main.storyboard */,
				C2F113831DB5C8E0002F3189 /* ViewController.swift */,
				C2F113791DB2F870002F3189 /* MealTableViewController.swift */,
				C2F113331DAB6FC6002F3189 /* Assets.xcassets */,
				C2F113351DAB6FC6002F3189 /* LaunchScreen.storyboard */,
				C2F113381DAB6FC6002F3189 /* Info.plist */,
				C2F113721DB2F3E5002F3189 /* Meal.swift */,
				C2F113801DB5C871002F3189 /* RatingControl.swift */,
				C2F113861DB5C904002F3189 /* MealTableViewCell.swift */,
			);
			path = MyFirstIOSProj;
			sourceTree = "<group>";
		};
		C2F113401DAB6FC6002F3189 /* MyFirstIOSProjTests */ = {
			isa = PBXGroup;
			children = (
				C2F113411DAB6FC6002F3189 /* MyFirstIOSProjTests.swift */,
				C2F113431DAB6FC6002F3189 /* Info.plist */,
			);
			path = MyFirstIOSProjTests;
			sourceTree = "<group>";
		};
		C2F1134B1DAB6FC6002F3189 /* MyFirstIOSProjUITests */ = {
			isa = PBXGroup;
			children = (
				C2F1134C1DAB6FC6002F3189 /* MyFirstIOSProjUITests.swift */,
				C2F1134E1DAB6FC6002F3189 /* Info.plist */,
			);
			path = MyFirstIOSProjUITests;
			sourceTree = "<group>";
		};
/* End PBXGroup section */

/* Begin PBXNativeTarget section */
		C2F113281DAB6FC6002F3189 /* MyFirstIOSProj */ = {
			isa = PBXNativeTarget;
			buildConfigurationList = C2F113511DAB6FC6002F3189 /* Build configuration list for PBXNativeTarget "MyFirstIOSProj" */;
			buildPhases = (
				C2F113251DAB6FC6002F3189 /* Sources */,
				C2F113261DAB6FC6002F3189 /* Frameworks */,
				C2F113271DAB6FC6002F3189 /* Resources */,
			);
			buildRules = (
			);
			dependencies = (
			);
			name = MyFirstIOSProj;
			productName = MyFirstIOSProj;
			productReference = C2F113291DAB6FC6002F3189 /* MyFirstIOSProj.app */;
			productType = "com.apple.product-type.application";
		};
		C2F1133C1DAB6FC6002F3189 /* MyFirstIOSProjTests */ = {
			isa = PBXNativeTarget;
			buildConfigurationList = C2F113541DAB6FC6002F3189 /* Build configuration list for PBXNativeTarget "MyFirstIOSProjTests" */;
			buildPhases = (
				C2F113391DAB6FC6002F3189 /* Sources */,
				C2F1133A1DAB6FC6002F3189 /* Frameworks */,
				C2F1133B1DAB6FC6002F3189 /* Resources */,
			);
			buildRules = (
			);
			dependencies = (
				C2F1133F1DAB6FC6002F3189 /* PBXTargetDependency */,
			);
			name = MyFirstIOSProjTests;
			productName = MyFirstIOSProjTests;
			productReference = C2F1133D1DAB6FC6002F3189 /* MyFirstIOSProjTests.xctest */;
			productType = "com.apple.product-type.bundle.unit-test";
		};
		C2F113471DAB6FC6002F3189 /* MyFirstIOSProjUITests */ = {
			isa = PBXNativeTarget;
			buildConfigurationList = C2F113571DAB6FC6002F3189 /* Build configuration list for PBXNativeTarget "MyFirstIOSProjUITests" */;
			buildPhases = (
				C2F113441DAB6FC6002F3189 /* Sources */,
				C2F113451DAB6FC6002F3189 /* Frameworks */,
				C2F113461DAB6FC6002F3189 /* Resources */,
			);
			buildRules = (
			);
			dependencies = (
				C2F1134A1DAB6FC6002F3189 /* PBXTargetDependency */,
			);
			name = MyFirstIOSProjUITests;
			productName = MyFirstIOSProjUITests;
			productReference = C2F113481DAB6FC6002F3189 /* MyFirstIOSProjUITests.xctest */;
			productType = "com.apple.product-type.bundle.ui-testing";
		};
/* End PBXNativeTarget section */

/* Begin PBXProject section */
		C2F113211DAB6FC6002F3189 /* Project object */ = {
			isa = PBXProject;
			attributes = {
				LastSwiftUpdateCheck = 0730;
				LastUpgradeCheck = 0800;
				ORGANIZATIONNAME = "Mark Sun";
				TargetAttributes = {
					C2F113281DAB6FC6002F3189 = {
						CreatedOnToolsVersion = 7.3.1;
						LastSwiftMigration = 0800;
					};
					C2F1133C1DAB6FC6002F3189 = {
						CreatedOnToolsVersion = 7.3.1;
						LastSwiftMigration = 0800;
						TestTargetID = C2F113281DAB6FC6002F3189;
					};
					C2F113471DAB6FC6002F3189 = {
						CreatedOnToolsVersion = 7.3.1;
						LastSwiftMigration = 0800;
						TestTargetID = C2F113281DAB6FC6002F3189;
					};
				};
			};
			buildConfigurationList = C2F113241DAB6FC6002F3189 /* Build configuration list for PBXProject "MyFirstIOSProj" */;
			compatibilityVersion = "Xcode 3.2";
			developmentRegion = English;
			hasScannedForEncodings = 0;
			knownRegions = (
				en,
				Base,
			);
			mainGroup = C2F113201DAB6FC6002F3189;
			productRefGroup = C2F1132A1DAB6FC6002F3189 /* Products */;
			projectDirPath = "";
			projectRoot = "";
			targets = (
				C2F113281DAB6FC6002F3189 /* MyFirstIOSProj */,
				C2F1133C1DAB6FC6002F3189 /* MyFirstIOSProjTests */,
				C2F113471DAB6FC6002F3189 /* MyFirstIOSProjUITests */,
			);
		};
/* End PBXProject section */

/* Begin PBXResourcesBuildPhase section */
		C2F113271DAB6FC6002F3189 /* Resources */ = {
			isa = PBXResourcesBuildPhase;
			buildActionMask = 2147483647;
			files = (
				C2F113371DAB6FC6002F3189 /* LaunchScreen.storyboard in Resources */,
				C2F113341DAB6FC6002F3189 /* Assets.xcassets in Resources */,
				C2F113321DAB6FC6002F3189 /* Main.storyboard in Resources */,
			);
			runOnlyForDeploymentPostprocessing = 0;
		};
		C2F1133B1DAB6FC6002F3189 /* Resources */ = {
			isa = PBXResourcesBuildPhase;
			buildActionMask = 2147483647;
			files = (
			);
			runOnlyForDeploymentPostprocessing = 0;
		};
		C2F113461DAB6FC6002F3189 /* Resources */ = {
			isa = PBXResourcesBuildPhase;
			buildActionMask = 2147483647;
			files = (
			);
			runOnlyForDeploymentPostprocessing = 0;
		};
/* End PBXResourcesBuildPhase section */

/* Begin PBXSourcesBuildPhase section */
		C2F113251DAB6FC6002F3189 /* Sources */ = {
			isa = PBXSourcesBuildPhase;
			buildActionMask = 2147483647;
			files = (
				C2F113841DB5C8E0002F3189 /* ViewController.swift in Sources */,
				C2F113731DB2F3E5002F3189 /* Meal.swift in Sources */,
				C2F113871DB5C904002F3189 /* MealTableViewCell.swift in Sources */,
				C2F1132D1DAB6FC6002F3189 /* AppDelegate.swift in Sources */,
				C2F113811DB5C871002F3189 /* RatingControl.swift in Sources */,
				C2F1137A1DB2F870002F3189 /* MealTableViewController.swift in Sources */,
			);
			runOnlyForDeploymentPostprocessing = 0;
		};
		C2F113391DAB6FC6002F3189 /* Sources */ = {
			isa = PBXSourcesBuildPhase;
			buildActionMask = 2147483647;
			files = (
				C2F113851DB5C8E0002F3189 /* ViewController.swift in Sources */,
				C2F113741DB2F3E5002F3189 /* Meal.swift in Sources */,
				C2F113881DB5C904002F3189 /* MealTableViewCell.swift in Sources */,
				C2F113421DAB6FC6002F3189 /* MyFirstIOSProjTests.swift in Sources */,
				C2F113821DB5C871002F3189 /* RatingControl.swift in Sources */,
				C2F1137B1DB2F870002F3189 /* MealTableViewController.swift in Sources */,
			);
			runOnlyForDeploymentPostprocessing = 0;
		};
		C2F113441DAB6FC6002F3189 /* Sources */ = {
			isa = PBXSourcesBuildPhase;
			buildActionMask = 2147483647;
			files = (
				C2F1137C1DB2F870002F3189 /* MealTableViewController.swift in Sources */,
				C2F1134D1DAB6FC6002F3189 /* MyFirstIOSProjUITests.swift in Sources */,
			);
			runOnlyForDeploymentPostprocessing = 0;
		};
/* End PBXSourcesBuildPhase section */

/* Begin PBXTargetDependency section */
		C2F1133F1DAB6FC6002F3189 /* PBXTargetDependency */ = {
			isa = PBXTargetDependency;
			target = C2F113281DAB6FC6002F3189 /* MyFirstIOSProj */;
			targetProxy = C2F1133E1DAB6FC6002F3189 /* PBXContainerItemProxy */;
		};
		C2F1134A1DAB6FC6002F3189 /* PBXTargetDependency */ = {
			isa = PBXTargetDependency;
			target = C2F113281DAB6FC6002F3189 /* MyFirstIOSProj */;
			targetProxy = C2F113491DAB6FC6002F3189 /* PBXContainerItemProxy */;
		};
/* End PBXTargetDependency section */

/* Begin PBXVariantGroup section */
		C2F113301DAB6FC6002F3189 /* Main.storyboard */ = {
			isa = PBXVariantGroup;
			children = (
				C2F113311DAB6FC6002F3189 /* Base */,
			);
			name = Main.storyboard;
			sourceTree = "<group>";
		};
		C2F113351DAB6FC6002F3189 /* LaunchScreen.storyboard */ = {
			isa = PBXVariantGroup;
			children = (
				C2F113361DAB6FC6002F3189 /* Base */,
			);
			name = LaunchScreen.storyboard;
			sourceTree = "<group>";
		};
/* End PBXVariantGroup section */

/* Begin XCBuildConfiguration section */
		C2F1134F1DAB6FC6002F3189 /* Debug */ = {
			isa = XCBuildConfiguration;
			buildSettings = {
				ALWAYS_SEARCH_USER_PATHS = NO;
				CLANG_ANALYZER_NONNULL = YES;
				CLANG_CXX_LANGUAGE_STANDARD = "gnu++0x";
				CLANG_CXX_LIBRARY = "libc++";
				CLANG_ENABLE_MODULES = YES;
				CLANG_ENABLE_OBJC_ARC = YES;
				CLANG_WARN_BOOL_CONVERSION = YES;
				CLANG_WARN_CONSTANT_CONVERSION = YES;
				CLANG_WARN_DIRECT_OBJC_ISA_USAGE = YES_ERROR;
				CLANG_WARN_EMPTY_BODY = YES;
				CLANG_WARN_ENUM_CONVERSION = YES;
				CLANG_WARN_INFINITE_RECURSION = YES;
				CLANG_WARN_INT_CONVERSION = YES;
				CLANG_WARN_OBJC_ROOT_CLASS = YES_ERROR;
				CLANG_WARN_SUSPICIOUS_MOVE = YES;
				CLANG_WARN_UNREACHABLE_CODE = YES;
				CLANG_WARN__DUPLICATE_METHOD_MATCH = YES;
				"CODE_SIGN_IDENTITY[sdk=iphoneos*]" = "iPhone Developer";
				COPY_PHASE_STRIP = NO;
				DEBUG_INFORMATION_FORMAT = dwarf;
				ENABLE_STRICT_OBJC_MSGSEND = YES;
				ENABLE_TESTABILITY = YES;
				GCC_C_LANGUAGE_STANDARD = gnu99;
				GCC_DYNAMIC_NO_PIC = NO;
				GCC_NO_COMMON_BLOCKS = YES;
				GCC_OPTIMIZATION_LEVEL = 0;
				GCC_PREPROCESSOR_DEFINITIONS = (
					"DEBUG=1",
					"$(inherited)",
				);
				GCC_WARN_64_TO_32_BIT_CONVERSION = YES;
				GCC_WARN_ABOUT_RETURN_TYPE = YES_ERROR;
				GCC_WARN_UNDECLARED_SELECTOR = YES;
				GCC_WARN_UNINITIALIZED_AUTOS = YES_AGGRESSIVE;
				GCC_WARN_UNUSED_FUNCTION = YES;
				GCC_WARN_UNUSED_VARIABLE = YES;
				IPHONEOS_DEPLOYMENT_TARGET = 9.3;
				MTL_ENABLE_DEBUG_INFO = YES;
				ONLY_ACTIVE_ARCH = YES;
				SDKROOT = iphoneos;
				SWIFT_OPTIMIZATION_LEVEL = "-Onone";
			};
			name = Debug;
		};
		C2F113501DAB6FC6002F3189 /* Release */ = {
			isa = XCBuildConfiguration;
			buildSettings = {
				ALWAYS_SEARCH_USER_PATHS = NO;
				CLANG_ANALYZER_NONNULL = YES;
				CLANG_CXX_LANGUAGE_STANDARD = "gnu++0x";
				CLANG_CXX_LIBRARY = "libc++";
				CLANG_ENABLE_MODULES = YES;
				CLANG_ENABLE_OBJC_ARC = YES;
				CLANG_WARN_BOOL_CONVERSION = YES;
				CLANG_WARN_CONSTANT_CONVERSION = YES;
				CLANG_WARN_DIRECT_OBJC_ISA_USAGE = YES_ERROR;
				CLANG_WARN_EMPTY_BODY = YES;
				CLANG_WARN_ENUM_CONVERSION = YES;
				CLANG_WARN_INFINITE_RECURSION = YES;
				CLANG_WARN_INT_CONVERSION = YES;
				CLANG_WARN_OBJC_ROOT_CLASS = YES_ERROR;
				CLANG_WARN_SUSPICIOUS_MOVE = YES;
				CLANG_WARN_UNREACHABLE_CODE = YES;
				CLANG_WARN__DUPLICATE_METHOD_MATCH = YES;
				"CODE_SIGN_IDENTITY[sdk=iphoneos*]" = "iPhone Developer";
				COPY_PHASE_STRIP = NO;
				DEBUG_INFORMATION_FORMAT = "dwarf-with-dsym";
				ENABLE_NS_ASSERTIONS = NO;
				ENABLE_STRICT_OBJC_MSGSEND = YES;
				GCC_C_LANGUAGE_STANDARD = gnu99;
				GCC_NO_COMMON_BLOCKS = YES;
				GCC_WARN_64_TO_32_BIT_CONVERSION = YES;
				GCC_WARN_ABOUT_RETURN_TYPE = YES_ERROR;
				GCC_WARN_UNDECLARED_SELECTOR = YES;
				GCC_WARN_UNINITIALIZED_AUTOS = YES_AGGRESSIVE;
				GCC_WARN_UNUSED_FUNCTION = YES;
				GCC_WARN_UNUSED_VARIABLE = YES;
				IPHONEOS_DEPLOYMENT_TARGET = 9.3;
				MTL_ENABLE_DEBUG_INFO = NO;
				SDKROOT = iphoneos;
				SWIFT_OPTIMIZATION_LEVEL = "-Owholemodule";
				VALIDATE_PRODUCT = YES;
			};
			name = Release;
		};
		C2F113521DAB6FC6002F3189 /* Debug */ = {
			isa = XCBuildConfiguration;
			buildSettings = {
				ASSETCATALOG_COMPILER_APPICON_NAME = AppIcon;
				INFOPLIST_FILE = MyFirstIOSProj/Info.plist;
				LD_RUNPATH_SEARCH_PATHS = "$(inherited) @executable_path/Frameworks";
				PRODUCT_BUNDLE_IDENTIFIER = ss.MyFirstIOSProj;
				PRODUCT_NAME = "$(TARGET_NAME)";
				SWIFT_VERSION = 3.0;
			};
			name = Debug;
		};
		C2F113531DAB6FC6002F3189 /* Release */ = {
			isa = XCBuildConfiguration;
			buildSettings = {
				ASSETCATALOG_COMPILER_APPICON_NAME = AppIcon;
				INFOPLIST_FILE = MyFirstIOSProj/Info.plist;
				LD_RUNPATH_SEARCH_PATHS = "$(inherited) @executable_path/Frameworks";
				PRODUCT_BUNDLE_IDENTIFIER = ss.MyFirstIOSProj;
				PRODUCT_NAME = "$(TARGET_NAME)";
				SWIFT_VERSION = 3.0;
			};
			name = Release;
		};
		C2F113551DAB6FC6002F3189 /* Debug */ = {
			isa = XCBuildConfiguration;
			buildSettings = {
				BUNDLE_LOADER = "$(TEST_HOST)";
				INFOPLIST_FILE = MyFirstIOSProjTests/Info.plist;
				LD_RUNPATH_SEARCH_PATHS = "$(inherited) @executable_path/Frameworks @loader_path/Frameworks";
				PRODUCT_BUNDLE_IDENTIFIER = ss.MyFirstIOSProjTests;
				PRODUCT_NAME = "$(TARGET_NAME)";
				SWIFT_VERSION = 3.0;
				TEST_HOST = "$(BUILT_PRODUCTS_DIR)/MyFirstIOSProj.app/MyFirstIOSProj";
			};
			name = Debug;
		};
		C2F113561DAB6FC6002F3189 /* Release */ = {
			isa = XCBuildConfiguration;
			buildSettings = {
				BUNDLE_LOADER = "$(TEST_HOST)";
				INFOPLIST_FILE = MyFirstIOSProjTests/Info.plist;
				LD_RUNPATH_SEARCH_PATHS = "$(inherited) @executable_path/Frameworks @loader_path/Frameworks";
				PRODUCT_BUNDLE_IDENTIFIER = ss.MyFirstIOSProjTests;
				PRODUCT_NAME = "$(TARGET_NAME)";
				SWIFT_VERSION = 3.0;
				TEST_HOST = "$(BUILT_PRODUCTS_DIR)/MyFirstIOSProj.app/MyFirstIOSProj";
			};
			name = Release;
		};
		C2F113581DAB6FC6002F3189 /* Debug */ = {
			isa = XCBuildConfiguration;
			buildSettings = {
				INFOPLIST_FILE = MyFirstIOSProjUITests/Info.plist;
				LD_RUNPATH_SEARCH_PATHS = "$(inherited) @executable_path/Frameworks @loader_path/Frameworks";
				PRODUCT_BUNDLE_IDENTIFIER = ss.MyFirstIOSProjUITests;
				PRODUCT_NAME = "$(TARGET_NAME)";
				SWIFT_VERSION = 3.0;
				TEST_TARGET_NAME = MyFirstIOSProj;
			};
			name = Debug;
		};
		C2F113591DAB6FC6002F3189 /* Release */ = {
			isa = XCBuildConfiguration;
			buildSettings = {
				INFOPLIST_FILE = MyFirstIOSProjUITests/Info.plist;
				LD_RUNPATH_SEARCH_PATHS = "$(inherited) @executable_path/Frameworks @loader_path/Frameworks";
				PRODUCT_BUNDLE_IDENTIFIER = ss.MyFirstIOSProjUITests;
				PRODUCT_NAME = "$(TARGET_NAME)";
				SWIFT_VERSION = 3.0;
				TEST_TARGET_NAME = MyFirstIOSProj;
			};
			name = Release;
		};
/* End XCBuildConfiguration section */

/* Begin XCConfigurationList section */
		C2F113241DAB6FC6002F3189 /* Build configuration list for PBXProject "MyFirstIOSProj" */ = {
			isa = XCConfigurationList;
			buildConfigurations = (
				C2F1134F1DAB6FC6002F3189 /* Debug */,
				C2F113501DAB6FC6002F3189 /* Release */,
			);
			defaultConfigurationIsVisible = 0;
			defaultConfigurationName = Release;
		};
		C2F113511DAB6FC6002F3189 /* Build configuration list for PBXNativeTarget "MyFirstIOSProj" */ = {
			isa = XCConfigurationList;
			buildConfigurations = (
				C2F113521DAB6FC6002F3189 /* Debug */,
				C2F113531DAB6FC6002F3189 /* Release */,
			);
			defaultConfigurationIsVisible = 0;
			defaultConfigurationName = Release;
		};
		C2F113541DAB6FC6002F3189 /* Build configuration list for PBXNativeTarget "MyFirstIOSProjTests" */ = {
			isa = XCConfigurationList;
			buildConfigurations = (
				C2F113551DAB6FC6002F3189 /* Debug */,
				C2F113561DAB6FC6002F3189 /* Release */,
			);
			defaultConfigurationIsVisible = 0;
			defaultConfigurationName = Release;
		};
		C2F113571DAB6FC6002F3189 /* Build configuration list for PBXNativeTarget "MyFirstIOSProjUITests" */ = {
			isa = XCConfigurationList;
			buildConfigurations = (
				C2F113581DAB6FC6002F3189 /* Debug */,
				C2F113591DAB6FC6002F3189 /* Release */,
			);
			defaultConfigurationIsVisible = 0;
			defaultConfigurationName = Release;
		};
/* End XCConfigurationList section */
	};
	rootObject = C2F113211DAB6FC6002F3189 /* Project object */;
}
